
Microsoft Visual Studio Solution File, Format Version 12.00
# Visual Studio 15
VisualStudioVersion = 15.0.27004.2005
MinimumVisualStudioVersion = 10.0.40219.1
Project("{FAE04EC0-301F-11D3-BF4B-00C04F79EFBC}") = "Login", "Login\Login.csproj", "{B3A70923-BD57-4253-A399-33CCA4163900}"
EndProject
Global
	GlobalSection(SolutionConfigurationPlatforms) = preSolution
		Debug|Any CPU = Debug|Any CPU
		Release|Any CPU = Release|Any CPU
	EndGlobalSection
	GlobalSection(ProjectConfigurationPlatforms) = postSolution
		{B3A70923-BD57-4253-A399-33CCA4163900}.Debug|Any CPU.ActiveCfg = Debug|Any CPU
		{B3A70923-BD57-4253-A399-33CCA4163900}.Debug|Any CPU.Build.0 = Debug|Any CPU
		{B3A70923-BD57-4253-A399-33CCA4163900}.Release|Any CPU.ActiveCfg = Release|Any CPU
		{B3A70923-BD57-4253-A399-33CCA4163900}.Release|Any CPU.Build.0 = Release|Any CPU
	EndGlobalSection
	GlobalSection(SolutionProperties) = preSolution
		HideSolutionNode = FALSE
	EndGlobalSection
	GlobalSection(ExtensibilityGlobals) = postSolution
		SolutionGuid = {5AC70575-A47F-48C0-95E9-19ED4BF7FC34}
	EndGlobalSection
EndGlobal
